
Microsoft Visual Studio Solution File, Format Version 12.00
# Visual Studio Version 17
VisualStudioVersion = 17.14.36518.9
MinimumVisualStudioVersion = 10.0.40219.1
Project("{FAE04EC0-301F-11D3-BF4B-00C04F79EFBC}") = "Tyuiu.HaevGS.Sprint2.Task0.V4", "Tyuiu.HaevGS.Sprint2.Task0.V4\Tyuiu.HaevGS.Sprint2.Task0.V4.csproj", "{D629D411-01B6-4207-B77A-6B3886F9EEAF}"
EndProject
Project("{2150E333-8FDC-42A3-9474-1A3956D46DE8}") = "Task 0", "Task 0", "{02EA681E-C7D8-13C7-8484-4AC65E1B71E8}"
EndProject
Project("{FAE04EC0-301F-11D3-BF4B-00C04F79EFBC}") = "Tyuiu.HaevGS.Sprint2.Task0.V4.Lib", "Tyuiu.HaevGS.Sprint2.Task0.V4.Lib\Tyuiu.HaevGS.Sprint2.Task0.V4.Lib.csproj", "{3DC5F393-81B2-42C9-BD59-9F87131EB908}"
EndProject
Project("{FAE04EC0-301F-11D3-BF4B-00C04F79EFBC}") = "Tyuiu.HaevGS.Sprint2.Task0.V4.Test", "Tyuiu.HaevGS.Sprint2.Task0.V4.Test\Tyuiu.HaevGS.Sprint2.Task0.V4.Test.csproj", "{C72503BC-11F0-4D7A-9B4A-C79BB20AA529}"
EndProject
Project("{2150E333-8FDC-42A3-9474-1A3956D46DE8}") = "Task 1", "Task 1", "{54106885-F8E5-4E84-9AE9-1D707FF042F4}"
EndProject
Project("{FAE04EC0-301F-11D3-BF4B-00C04F79EFBC}") = "Tyuiu.HaevGS.Sprint2.Task1.V25", "Tyuiu.HaevGS.Sprint2.Task1.V25\Tyuiu.HaevGS.Sprint2.Task1.V25.csproj", "{BC7B8A10-514B-441D-AB6A-DBDA501E9433}"
EndProject
Project("{FAE04EC0-301F-11D3-BF4B-00C04F79EFBC}") = "Tyuiu.HaevGS.Sprint2.Task1.V25.Lib", "Tyuiu.HaevGS.Sprint2.Task1.V25.Lib\Tyuiu.HaevGS.Sprint2.Task1.V25.Lib.csproj", "{FB946033-3583-4663-B86B-4C137275F714}"
EndProject
Project("{FAE04EC0-301F-11D3-BF4B-00C04F79EFBC}") = "Tyuiu.HaevGS.Sprint2.Task1.V25.Test", "Tyuiu.HaevGS.Sprint2.Task1.V25.Test\Tyuiu.HaevGS.Sprint2.Task1.V25.Test.csproj", "{53BAD046-A029-4F2B-8415-3B3D7AE9B773}"
EndProject
Project("{2150E333-8FDC-42A3-9474-1A3956D46DE8}") = "Task 2", "Task 2", "{2557DA2D-6132-4061-8273-F384B01F09F2}"
EndProject
Project("{FAE04EC0-301F-11D3-BF4B-00C04F79EFBC}") = "Tyuiu.HaevGS.Sprint2.Task2.V21", "Tyuiu.HaevGS.Sprint2.Task2.V21\Tyuiu.HaevGS.Sprint2.Task2.V21.csproj", "{CE421DF7-CEF3-4F13-93FD-827897215EA3}"
EndProject
Project("{FAE04EC0-301F-11D3-BF4B-00C04F79EFBC}") = "Tyuiu.HaevGS.Sprint2.Task2.V21.Lib", "Tyuiu.HaevGS.Sprint2.Task2.V21.Lib\Tyuiu.HaevGS.Sprint2.Task2.V21.Lib.csproj", "{C786531D-BC6E-4B1D-9721-036334566DFA}"
EndProject
Project("{FAE04EC0-301F-11D3-BF4B-00C04F79EFBC}") = "Tyuiu.HaevGS.Sprint2.Task2.V21.Test", "Tyuiu.HaevGS.Sprint2.Task2.V21.Test\Tyuiu.HaevGS.Sprint2.Task2.V21.Test.csproj", "{331B9F4D-2DE3-488B-A4AF-35DD55A9BAB5}"
EndProject
Project("{2150E333-8FDC-42A3-9474-1A3956D46DE8}") = "Task 3", "Task 3", "{4F48B136-480E-48D5-BAA4-3B5B41923585}"
EndProject
Project("{FAE04EC0-301F-11D3-BF4B-00C04F79EFBC}") = "Tyuiu.HaevGS.Sprint2.Task3.V22", "Tyuiu.HaevGS.Sprint2.Task3.V22\Tyuiu.HaevGS.Sprint2.Task3.V22.csproj", "{297C24E9-2B02-4CED-9EE9-2922D825DBF8}"
EndProject
Project("{FAE04EC0-301F-11D3-BF4B-00C04F79EFBC}") = "Tyuiu.HaevGS.Sprint2.Task3.V22.Lib", "Tyuiu.HaevGS.Sprint2.Task3.V22.Lib\Tyuiu.HaevGS.Sprint2.Task3.V22.Lib.csproj", "{983DFE24-E48B-4303-8BFB-3209CFD24229}"
EndProject
Project("{FAE04EC0-301F-11D3-BF4B-00C04F79EFBC}") = "Tyuiu.HaevGS.Sprint2.Task3.V22.Test", "Tyuiu.HaevGS.Sprint2.Task3.V22.Test\Tyuiu.HaevGS.Sprint2.Task3.V22.Test.csproj", "{19889188-14B9-4F2F-8B37-4D750D076115}"
EndProject
Project("{2150E333-8FDC-42A3-9474-1A3956D46DE8}") = "Task 4", "Task 4", "{8604EE3B-CDDC-4CEB-A6B5-90DC38308342}"
EndProject
Project("{FAE04EC0-301F-11D3-BF4B-00C04F79EFBC}") = "Tyuiu.HaevGS.Sprint2.Task4.V7", "Tyuiu.HaevGS.Sprint2.Task4.V7\Tyuiu.HaevGS.Sprint2.Task4.V7.csproj", "{53F1309D-3D81-49CE-B84F-CEA9C9944829}"
EndProject
Project("{FAE04EC0-301F-11D3-BF4B-00C04F79EFBC}") = "Tyuiu.HaevGS.Sprint2.Task4.V7.Lib", "Tyuiu.HaevGS.Sprint2.Task4.V7.Lib\Tyuiu.HaevGS.Sprint2.Task4.V7.Lib.csproj", "{8B2595DC-975E-4FB8-BD94-128ACEE66D67}"
EndProject
Project("{FAE04EC0-301F-11D3-BF4B-00C04F79EFBC}") = "Tyuiu.HaevGS.Sprint2.Task4.V7.Test", "Tyuiu.HaevGS.Sprint2.Task4.V7.Test\Tyuiu.HaevGS.Sprint2.Task4.V7.Test.csproj", "{87C6A380-62D3-4F10-B1FD-91598DB0F62F}"
EndProject
Project("{2150E333-8FDC-42A3-9474-1A3956D46DE8}") = "Task 5", "Task 5", "{AA214C18-FC38-4DC4-B77C-8797D9DD771F}"
EndProject
Project("{FAE04EC0-301F-11D3-BF4B-00C04F79EFBC}") = "Tyuiu.HaevGS.Sprint2.Task5.V2", "Tyuiu.HaevGS.Sprint2.Task5.V2\Tyuiu.HaevGS.Sprint2.Task5.V2.csproj", "{5F3DAEAE-3CA6-4D62-902F-4B90606E1192}"
EndProject
Project("{FAE04EC0-301F-11D3-BF4B-00C04F79EFBC}") = "Tyuiu.HaevGS.Sprint2.Task5.V2.Lib", "Tyuiu.HaevGS.Sprint2.Task5.V2.Lib\Tyuiu.HaevGS.Sprint2.Task5.V2.Lib.csproj", "{A3F0542E-080D-42FB-BA08-F0CFC85A7981}"
EndProject
Project("{FAE04EC0-301F-11D3-BF4B-00C04F79EFBC}") = "Tyuiu.HaevGS.Sprint2.Task5.V2.Test", "Tyuiu.HaevGS.Sprint2.Task5.V2.Test\Tyuiu.HaevGS.Sprint2.Task5.V2.Test.csproj", "{66BCCCE3-DDAD-4FE7-A92C-12812E4CBD37}"
EndProject
Project("{2150E333-8FDC-42A3-9474-1A3956D46DE8}") = "Task 6", "Task 6", "{3E405C32-6152-48B7-B1BB-21109F8F2CBD}"
EndProject
Project("{FAE04EC0-301F-11D3-BF4B-00C04F79EFBC}") = "Tyuiu.HaevGS.Sprint2.Task6.V10", "Tyuiu.HaevGS.Sprint2.Task6.V10\Tyuiu.HaevGS.Sprint2.Task6.V10.csproj", "{36B34D65-31A9-46CE-87DD-F81ECC34CDEE}"
EndProject
Project("{FAE04EC0-301F-11D3-BF4B-00C04F79EFBC}") = "Tyuiu.HaevGS.Sprint2.Task6.V10.Lib", "Tyuiu.HaevGS.Sprint2.Task6.V10.Lib\Tyuiu.HaevGS.Sprint2.Task6.V10.Lib.csproj", "{3ACD02C4-4E66-4022-A0AE-87B5312FA820}"
EndProject
Project("{FAE04EC0-301F-11D3-BF4B-00C04F79EFBC}") = "Tyuiu.HaevGS.Sprint2.Task6.V10.Test", "Tyuiu.HaevGS.Sprint2.Task6.V10.Test\Tyuiu.HaevGS.Sprint2.Task6.V10.Test.csproj", "{B8D950C2-52FF-4E68-8980-CF639687C496}"
EndProject
Project("{2150E333-8FDC-42A3-9474-1A3956D46DE8}") = "Task 7", "Task 7", "{A8CEA32B-1287-4440-934A-EA4BE09A935E}"
EndProject
Project("{FAE04EC0-301F-11D3-BF4B-00C04F79EFBC}") = "Tyuiu.HaevGS.Sprint2.Task7.V3", "Tyuiu.HaevGS.Sprint2.Task7.V3\Tyuiu.HaevGS.Sprint2.Task7.V3.csproj", "{98876915-9603-4E95-86EC-58AF64C962BC}"
EndProject
Project("{FAE04EC0-301F-11D3-BF4B-00C04F79EFBC}") = "Tyuiu.HaevGS.Sprint2.Task7.V3.Lib", "Tyuiu.HaevGS.Sprint2.Task7.V3.Lib\Tyuiu.HaevGS.Sprint2.Task7.V3.Lib.csproj", "{75F16E4C-4D82-4A83-BAFF-8277F92540FA}"
EndProject
Project("{FAE04EC0-301F-11D3-BF4B-00C04F79EFBC}") = "Tyuiu.HaevGS.Sprint2.Task7.V3.Test", "Tyuiu.HaevGS.Sprint2.Task7.V3.Test\Tyuiu.HaevGS.Sprint2.Task7.V3.Test.csproj", "{03F618DF-B7FF-49D2-8A19-EFCA92F94C6E}"
EndProject
Global
	GlobalSection(SolutionConfigurationPlatforms) = preSolution
		Debug|Any CPU = Debug|Any CPU
		Release|Any CPU = Release|Any CPU
	EndGlobalSection
	GlobalSection(ProjectConfigurationPlatforms) = postSolution
		{D629D411-01B6-4207-B77A-6B3886F9EEAF}.Debug|Any CPU.ActiveCfg = Debug|Any CPU
		{D629D411-01B6-4207-B77A-6B3886F9EEAF}.Debug|Any CPU.Build.0 = Debug|Any CPU
		{D629D411-01B6-4207-B77A-6B3886F9EEAF}.Release|Any CPU.ActiveCfg = Release|Any CPU
		{D629D411-01B6-4207-B77A-6B3886F9EEAF}.Release|Any CPU.Build.0 = Release|Any CPU
		{3DC5F393-81B2-42C9-BD59-9F87131EB908}.Debug|Any CPU.ActiveCfg = Debug|Any CPU
		{3DC5F393-81B2-42C9-BD59-9F87131EB908}.Debug|Any CPU.Build.0 = Debug|Any CPU
		{3DC5F393-81B2-42C9-BD59-9F87131EB908}.Release|Any CPU.ActiveCfg = Release|Any CPU
		{3DC5F393-81B2-42C9-BD59-9F87131EB908}.Release|Any CPU.Build.0 = Release|Any CPU
		{C72503BC-11F0-4D7A-9B4A-C79BB20AA529}.Debug|Any CPU.ActiveCfg = Debug|Any CPU
		{C72503BC-11F0-4D7A-9B4A-C79BB20AA529}.Debug|Any CPU.Build.0 = Debug|Any CPU
		{C72503BC-11F0-4D7A-9B4A-C79BB20AA529}.Release|Any CPU.ActiveCfg = Release|Any CPU
		{C72503BC-11F0-4D7A-9B4A-C79BB20AA529}.Release|Any CPU.Build.0 = Release|Any CPU
		{BC7B8A10-514B-441D-AB6A-DBDA501E9433}.Debug|Any CPU.ActiveCfg = Debug|Any CPU
		{BC7B8A10-514B-441D-AB6A-DBDA501E9433}.Debug|Any CPU.Build.0 = Debug|Any CPU
		{BC7B8A10-514B-441D-AB6A-DBDA501E9433}.Release|Any CPU.ActiveCfg = Release|Any CPU
		{BC7B8A10-514B-441D-AB6A-DBDA501E9433}.Release|Any CPU.Build.0 = Release|Any CPU
		{FB946033-3583-4663-B86B-4C137275F714}.Debug|Any CPU.ActiveCfg = Debug|Any CPU
		{FB946033-3583-4663-B86B-4C137275F714}.Debug|Any CPU.Build.0 = Debug|Any CPU
		{FB946033-3583-4663-B86B-4C137275F714}.Release|Any CPU.ActiveCfg = Release|Any CPU
		{FB946033-3583-4663-B86B-4C137275F714}.Release|Any CPU.Build.0 = Release|Any CPU
		{53BAD046-A029-4F2B-8415-3B3D7AE9B773}.Debug|Any CPU.ActiveCfg = Debug|Any CPU
		{53BAD046-A029-4F2B-8415-3B3D7AE9B773}.Debug|Any CPU.Build.0 = Debug|Any CPU
		{53BAD046-A029-4F2B-8415-3B3D7AE9B773}.Release|Any CPU.ActiveCfg = Release|Any CPU
		{53BAD046-A029-4F2B-8415-3B3D7AE9B773}.Release|Any CPU.Build.0 = Release|Any CPU
		{CE421DF7-CEF3-4F13-93FD-827897215EA3}.Debug|Any CPU.ActiveCfg = Debug|Any CPU
		{CE421DF7-CEF3-4F13-93FD-827897215EA3}.Debug|Any CPU.Build.0 = Debug|Any CPU
		{CE421DF7-CEF3-4F13-93FD-827897215EA3}.Release|Any CPU.ActiveCfg = Release|Any CPU
		{CE421DF7-CEF3-4F13-93FD-827897215EA3}.Release|Any CPU.Build.0 = Release|Any CPU
		{C786531D-BC6E-4B1D-9721-036334566DFA}.Debug|Any CPU.ActiveCfg = Debug|Any CPU
		{C786531D-BC6E-4B1D-9721-036334566DFA}.Debug|Any CPU.Build.0 = Debug|Any CPU
		{C786531D-BC6E-4B1D-9721-036334566DFA}.Release|Any CPU.ActiveCfg = Release|Any CPU
		{C786531D-BC6E-4B1D-9721-036334566DFA}.Release|Any CPU.Build.0 = Release|Any CPU
		{331B9F4D-2DE3-488B-A4AF-35DD55A9BAB5}.Debug|Any CPU.ActiveCfg = Debug|Any CPU
		{331B9F4D-2DE3-488B-A4AF-35DD55A9BAB5}.Debug|Any CPU.Build.0 = Debug|Any CPU
		{331B9F4D-2DE3-488B-A4AF-35DD55A9BAB5}.Release|Any CPU.ActiveCfg = Release|Any CPU
		{331B9F4D-2DE3-488B-A4AF-35DD55A9BAB5}.Release|Any CPU.Build.0 = Release|Any CPU
		{297C24E9-2B02-4CED-9EE9-2922D825DBF8}.Debug|Any CPU.ActiveCfg = Debug|Any CPU
		{297C24E9-2B02-4CED-9EE9-2922D825DBF8}.Debug|Any CPU.Build.0 = Debug|Any CPU
		{297C24E9-2B02-4CED-9EE9-2922D825DBF8}.Release|Any CPU.ActiveCfg = Release|Any CPU
		{297C24E9-2B02-4CED-9EE9-2922D825DBF8}.Release|Any CPU.Build.0 = Release|Any CPU
		{983DFE24-E48B-4303-8BFB-3209CFD24229}.Debug|Any CPU.ActiveCfg = Debug|Any CPU
		{983DFE24-E48B-4303-8BFB-3209CFD24229}.Debug|Any CPU.Build.0 = Debug|Any CPU
		{983DFE24-E48B-4303-8BFB-3209CFD24229}.Release|Any CPU.ActiveCfg = Release|Any CPU
		{983DFE24-E48B-4303-8BFB-3209CFD24229}.Release|Any CPU.Build.0 = Release|Any CPU
		{19889188-14B9-4F2F-8B37-4D750D076115}.Debug|Any CPU.ActiveCfg = Debug|Any CPU
		{19889188-14B9-4F2F-8B37-4D750D076115}.Debug|Any CPU.Build.0 = Debug|Any CPU
		{19889188-14B9-4F2F-8B37-4D750D076115}.Release|Any CPU.ActiveCfg = Release|Any CPU
		{19889188-14B9-4F2F-8B37-4D750D076115}.Release|Any CPU.Build.0 = Release|Any CPU
		{53F1309D-3D81-49CE-B84F-CEA9C9944829}.Debug|Any CPU.ActiveCfg = Debug|Any CPU
		{53F1309D-3D81-49CE-B84F-CEA9C9944829}.Debug|Any CPU.Build.0 = Debug|Any CPU
		{53F1309D-3D81-49CE-B84F-CEA9C9944829}.Release|Any CPU.ActiveCfg = Release|Any CPU
		{53F1309D-3D81-49CE-B84F-CEA9C9944829}.Release|Any CPU.Build.0 = Release|Any CPU
		{8B2595DC-975E-4FB8-BD94-128ACEE66D67}.Debug|Any CPU.ActiveCfg = Debug|Any CPU
		{8B2595DC-975E-4FB8-BD94-128ACEE66D67}.Debug|Any CPU.Build.0 = Debug|Any CPU
		{8B2595DC-975E-4FB8-BD94-128ACEE66D67}.Release|Any CPU.ActiveCfg = Release|Any CPU
		{8B2595DC-975E-4FB8-BD94-128ACEE66D67}.Release|Any CPU.Build.0 = Release|Any CPU
		{87C6A380-62D3-4F10-B1FD-91598DB0F62F}.Debug|Any CPU.ActiveCfg = Debug|Any CPU
		{87C6A380-62D3-4F10-B1FD-91598DB0F62F}.Debug|Any CPU.Build.0 = Debug|Any CPU
		{87C6A380-62D3-4F10-B1FD-91598DB0F62F}.Release|Any CPU.ActiveCfg = Release|Any CPU
		{87C6A380-62D3-4F10-B1FD-91598DB0F62F}.Release|Any CPU.Build.0 = Release|Any CPU
		{5F3DAEAE-3CA6-4D62-902F-4B90606E1192}.Debug|Any CPU.ActiveCfg = Debug|Any CPU
		{5F3DAEAE-3CA6-4D62-902F-4B90606E1192}.Debug|Any CPU.Build.0 = Debug|Any CPU
		{5F3DAEAE-3CA6-4D62-902F-4B90606E1192}.Release|Any CPU.ActiveCfg = Release|Any CPU
		{5F3DAEAE-3CA6-4D62-902F-4B90606E1192}.Release|Any CPU.Build.0 = Release|Any CPU
		{A3F0542E-080D-42FB-BA08-F0CFC85A7981}.Debug|Any CPU.ActiveCfg = Debug|Any CPU
		{A3F0542E-080D-42FB-BA08-F0CFC85A7981}.Debug|Any CPU.Build.0 = Debug|Any CPU
		{A3F0542E-080D-42FB-BA08-F0CFC85A7981}.Release|Any CPU.ActiveCfg = Release|Any CPU
		{A3F0542E-080D-42FB-BA08-F0CFC85A7981}.Release|Any CPU.Build.0 = Release|Any CPU
		{66BCCCE3-DDAD-4FE7-A92C-12812E4CBD37}.Debug|Any CPU.ActiveCfg = Debug|Any CPU
		{66BCCCE3-DDAD-4FE7-A92C-12812E4CBD37}.Debug|Any CPU.Build.0 = Debug|Any CPU
		{66BCCCE3-DDAD-4FE7-A92C-12812E4CBD37}.Release|Any CPU.ActiveCfg = Release|Any CPU
		{66BCCCE3-DDAD-4FE7-A92C-12812E4CBD37}.Release|Any CPU.Build.0 = Release|Any CPU
		{36B34D65-31A9-46CE-87DD-F81ECC34CDEE}.Debug|Any CPU.ActiveCfg = Debug|Any CPU
		{36B34D65-31A9-46CE-87DD-F81ECC34CDEE}.Debug|Any CPU.Build.0 = Debug|Any CPU
		{36B34D65-31A9-46CE-87DD-F81ECC34CDEE}.Release|Any CPU.ActiveCfg = Release|Any CPU
		{36B34D65-31A9-46CE-87DD-F81ECC34CDEE}.Release|Any CPU.Build.0 = Release|Any CPU
		{3ACD02C4-4E66-4022-A0AE-87B5312FA820}.Debug|Any CPU.ActiveCfg = Debug|Any CPU
		{3ACD02C4-4E66-4022-A0AE-87B5312FA820}.Debug|Any CPU.Build.0 = Debug|Any CPU
		{3ACD02C4-4E66-4022-A0AE-87B5312FA820}.Release|Any CPU.ActiveCfg = Release|Any CPU
		{3ACD02C4-4E66-4022-A0AE-87B5312FA820}.Release|Any CPU.Build.0 = Release|Any CPU
		{B8D950C2-52FF-4E68-8980-CF639687C496}.Debug|Any CPU.ActiveCfg = Debug|Any CPU
		{B8D950C2-52FF-4E68-8980-CF639687C496}.Debug|Any CPU.Build.0 = Debug|Any CPU
		{B8D950C2-52FF-4E68-8980-CF639687C496}.Release|Any CPU.ActiveCfg = Release|Any CPU
		{B8D950C2-52FF-4E68-8980-CF639687C496}.Release|Any CPU.Build.0 = Release|Any CPU
		{98876915-9603-4E95-86EC-58AF64C962BC}.Debug|Any CPU.ActiveCfg = Debug|Any CPU
		{98876915-9603-4E95-86EC-58AF64C962BC}.Debug|Any CPU.Build.0 = Debug|Any CPU
		{98876915-9603-4E95-86EC-58AF64C962BC}.Release|Any CPU.ActiveCfg = Release|Any CPU
		{98876915-9603-4E95-86EC-58AF64C962BC}.Release|Any CPU.Build.0 = Release|Any CPU
		{75F16E4C-4D82-4A83-BAFF-8277F92540FA}.Debug|Any CPU.ActiveCfg = Debug|Any CPU
		{75F16E4C-4D82-4A83-BAFF-8277F92540FA}.Debug|Any CPU.Build.0 = Debug|Any CPU
		{75F16E4C-4D82-4A83-BAFF-8277F92540FA}.Release|Any CPU.ActiveCfg = Release|Any CPU
		{75F16E4C-4D82-4A83-BAFF-8277F92540FA}.Release|Any CPU.Build.0 = Release|Any CPU
		{03F618DF-B7FF-49D2-8A19-EFCA92F94C6E}.Debug|Any CPU.ActiveCfg = Debug|Any CPU
		{03F618DF-B7FF-49D2-8A19-EFCA92F94C6E}.Debug|Any CPU.Build.0 = Debug|Any CPU
		{03F618DF-B7FF-49D2-8A19-EFCA92F94C6E}.Release|Any CPU.ActiveCfg = Release|Any CPU
		{03F618DF-B7FF-49D2-8A19-EFCA92F94C6E}.Release|Any CPU.Build.0 = Release|Any CPU
	EndGlobalSection
	GlobalSection(SolutionProperties) = preSolution
		HideSolutionNode = FALSE
	EndGlobalSection
	GlobalSection(NestedProjects) = preSolution
		{D629D411-01B6-4207-B77A-6B3886F9EEAF} = {02EA681E-C7D8-13C7-8484-4AC65E1B71E8}
		{3DC5F393-81B2-42C9-BD59-9F87131EB908} = {02EA681E-C7D8-13C7-8484-4AC65E1B71E8}
		{C72503BC-11F0-4D7A-9B4A-C79BB20AA529} = {02EA681E-C7D8-13C7-8484-4AC65E1B71E8}
		{BC7B8A10-514B-441D-AB6A-DBDA501E9433} = {54106885-F8E5-4E84-9AE9-1D707FF042F4}
		{FB946033-3583-4663-B86B-4C137275F714} = {54106885-F8E5-4E84-9AE9-1D707FF042F4}
		{53BAD046-A029-4F2B-8415-3B3D7AE9B773} = {54106885-F8E5-4E84-9AE9-1D707FF042F4}
		{CE421DF7-CEF3-4F13-93FD-827897215EA3} = {2557DA2D-6132-4061-8273-F384B01F09F2}
		{C786531D-BC6E-4B1D-9721-036334566DFA} = {2557DA2D-6132-4061-8273-F384B01F09F2}
		{331B9F4D-2DE3-488B-A4AF-35DD55A9BAB5} = {2557DA2D-6132-4061-8273-F384B01F09F2}
		{297C24E9-2B02-4CED-9EE9-2922D825DBF8} = {4F48B136-480E-48D5-BAA4-3B5B41923585}
		{983DFE24-E48B-4303-8BFB-3209CFD24229} = {4F48B136-480E-48D5-BAA4-3B5B41923585}
		{19889188-14B9-4F2F-8B37-4D750D076115} = {4F48B136-480E-48D5-BAA4-3B5B41923585}
		{53F1309D-3D81-49CE-B84F-CEA9C9944829} = {8604EE3B-CDDC-4CEB-A6B5-90DC38308342}
		{8B2595DC-975E-4FB8-BD94-128ACEE66D67} = {8604EE3B-CDDC-4CEB-A6B5-90DC38308342}
		{87C6A380-62D3-4F10-B1FD-91598DB0F62F} = {8604EE3B-CDDC-4CEB-A6B5-90DC38308342}
		{5F3DAEAE-3CA6-4D62-902F-4B90606E1192} = {AA214C18-FC38-4DC4-B77C-8797D9DD771F}
		{A3F0542E-080D-42FB-BA08-F0CFC85A7981} = {AA214C18-FC38-4DC4-B77C-8797D9DD771F}
		{66BCCCE3-DDAD-4FE7-A92C-12812E4CBD37} = {AA214C18-FC38-4DC4-B77C-8797D9DD771F}
		{36B34D65-31A9-46CE-87DD-F81ECC34CDEE} = {3E405C32-6152-48B7-B1BB-21109F8F2CBD}
		{3ACD02C4-4E66-4022-A0AE-87B5312FA820} = {3E405C32-6152-48B7-B1BB-21109F8F2CBD}
		{B8D950C2-52FF-4E68-8980-CF639687C496} = {3E405C32-6152-48B7-B1BB-21109F8F2CBD}
		{98876915-9603-4E95-86EC-58AF64C962BC} = {A8CEA32B-1287-4440-934A-EA4BE09A935E}
		{75F16E4C-4D82-4A83-BAFF-8277F92540FA} = {A8CEA32B-1287-4440-934A-EA4BE09A935E}
		{03F618DF-B7FF-49D2-8A19-EFCA92F94C6E} = {A8CEA32B-1287-4440-934A-EA4BE09A935E}
	EndGlobalSection
	GlobalSection(ExtensibilityGlobals) = postSolution
		SolutionGuid = {BC06570E-D46F-4383-9722-758CB75AC54E}
	EndGlobalSection
EndGlobal
